// !$*UTF8*$!
{
	archiveVersion = 1;
	classes = {
	};
	objectVersion = 56;
	objects = {

/* Begin PBXBuildFile section */
		9EBF8FE52ABF3995007EF5CD /* AppDelegate.swift in Sources */ = {isa = PBXBuildFile; fileRef = 9EBF8FE42ABF3995007EF5CD /* AppDelegate.swift */; };
		9EBF8FE72ABF3995007EF5CD /* ViewController.swift in Sources */ = {isa = PBXBuildFile; fileRef = 9EBF8FE62ABF3995007EF5CD /* ViewController.swift */; };
		9EBF8FE92ABF3996007EF5CD /* Assets.xcassets in Resources */ = {isa = PBXBuildFile; fileRef = 9EBF8FE82ABF3996007EF5CD /* Assets.xcassets */; };
		9EBF8FEC2ABF3996007EF5CD /* Main.storyboard in Resources */ = {isa = PBXBuildFile; fileRef = 9EBF8FEA2ABF3996007EF5CD /* Main.storyboard */; };
		9EBF8FF52ABF39CC007EF5CD /* CocoaAsyncSocket in Frameworks */ = {isa = PBXBuildFile; productRef = 9EBF8FF42ABF39CC007EF5CD /* CocoaAsyncSocket */; };
/* End PBXBuildFile section */

/* Begin PBXFileReference section */
		9EBF8FE12ABF3995007EF5CD /* BMuSocketIMServerSwift.app */ = {isa = PBXFileReference; explicitFileType = wrapper.application; includeInIndex = 0; path = BMuSocketIMServerSwift.app; sourceTree = BUILT_PRODUCTS_DIR; };
		9EBF8FE42ABF3995007EF5CD /* AppDelegate.swift */ = {isa = PBXFileReference; lastKnownFileType = sourcecode.swift; path = AppDelegate.swift; sourceTree = "<group>"; };
		9EBF8FE62ABF3995007EF5CD /* ViewController.swift */ = {isa = PBXFileReference; lastKnownFileType = sourcecode.swift; path = ViewController.swift; sourceTree = "<group>"; };
		9EBF8FE82ABF3996007EF5CD /* Assets.xcassets */ = {isa = PBXFileReference; lastKnownFileType = folder.assetcatalog; path = Assets.xcassets; sourceTree = "<group>"; };
		9EBF8FEB2ABF3996007EF5CD /* Base */ = {isa = PBXFileReference; lastKnownFileType = file.storyboard; name = Base; path = Base.lproj/Main.storyboard; sourceTree = "<group>"; };
		9EBF8FED2ABF3996007EF5CD /* BMuSocketIMServerSwift.entitlements */ = {isa = PBXFileReference; lastKnownFileType = text.plist.entitlements; path = BMuSocketIMServerSwift.entitlements; sourceTree = "<group>"; };
/* End PBXFileReference section */

/* Begin PBXFrameworksBuildPhase section */
		9EBF8FDE2ABF3995007EF5CD /* Frameworks */ = {
			isa = PBXFrameworksBuildPhase;
			buildActionMask = 2147483647;
			files = (
				9EBF8FF52ABF39CC007EF5CD /* CocoaAsyncSocket in Frameworks */,
			);
			runOnlyForDeploymentPostprocessing = 0;
		};
/* End PBXFrameworksBuildPhase section */

/* Begin PBXGroup section */
		9EBF8FD82ABF3994007EF5CD = {
			isa = PBXGroup;
			children = (
				9EBF8FE32ABF3995007EF5CD /* BMuSocketIMServerSwift */,
				9EBF8FE22ABF3995007EF5CD /* Products */,
			);
			sourceTree = "<group>";
		};
		9EBF8FE22ABF3995007EF5CD /* Products */ = {
			isa = PBXGroup;
			children = (
				9EBF8FE12ABF3995007EF5CD /* BMuSocketIMServerSwift.app */,
			);
			name = Products;
			sourceTree = "<group>";
		};
		9EBF8FE32ABF3995007EF5CD /* BMuSocketIMServerSwift */ = {
			isa = PBXGroup;
			children = (
				9EBF8FE42ABF3995007EF5CD /* AppDelegate.swift */,
				9EBF8FE62ABF3995007EF5CD /* ViewController.swift */,
				9EBF8FE82ABF3996007EF5CD /* Assets.xcassets */,
				9EBF8FEA2ABF3996007EF5CD /* Main.storyboard */,
				9EBF8FED2ABF3996007EF5CD /* BMuSocketIMServerSwift.entitlements */,
			);
			path = BMuSocketIMServerSwift;
			sourceTree = "<group>";
		};
/* End PBXGroup section */

/* Begin PBXNativeTarget section */
		9EBF8FE02ABF3995007EF5CD /* BMuSocketIMServerSwift */ = {
			isa = PBXNativeTarget;
			buildConfigurationList = 9EBF8FF02ABF3996007EF5CD /* Build configuration list for PBXNativeTarget "BMuSocketIMServerSwift" */;
			buildPhases = (
				9EBF8FDD2ABF3995007EF5CD /* Sources */,
				9EBF8FDE2ABF3995007EF5CD /* Frameworks */,
				9EBF8FDF2ABF3995007EF5CD /* Resources */,
			);
			buildRules = (
			);
			dependencies = (
			);
			name = BMuSocketIMServerSwift;
			packageProductDependencies = (
				9EBF8FF42ABF39CC007EF5CD /* CocoaAsyncSocket */,
			);
			productName = BMuSocketIMServerSwift;
			productReference = 9EBF8FE12ABF3995007EF5CD /* BMuSocketIMServerSwift.app */;
			productType = "com.apple.product-type.application";
		};
/* End PBXNativeTarget section */

/* Begin PBXProject section */
		9EBF8FD92ABF3994007EF5CD /* Project object */ = {
			isa = PBXProject;
			attributes = {
				BuildIndependentTargetsInParallel = 1;
				LastSwiftUpdateCheck = 1420;
				LastUpgradeCheck = 1420;
				TargetAttributes = {
					9EBF8FE02ABF3995007EF5CD = {
						CreatedOnToolsVersion = 14.2;
					};
				};
			};
			buildConfigurationList = 9EBF8FDC2ABF3994007EF5CD /* Build configuration list for PBXProject "BMuSocketIMServerSwift" */;
			compatibilityVersion = "Xcode 14.0";
			developmentRegion = en;
			hasScannedForEncodings = 0;
			knownRegions = (
				en,
				Base,
			);
			mainGroup = 9EBF8FD82ABF3994007EF5CD;
			packageReferences = (
				9EBF8FF32ABF39CC007EF5CD /* XCRemoteSwiftPackageReference "CocoaAsyncSocket" */,
			);
			productRefGroup = 9EBF8FE22ABF3995007EF5CD /* Products */;
			projectDirPath = "";
			projectRoot = "";
			targets = (
				9EBF8FE02ABF3995007EF5CD /* BMuSocketIMServerSwift */,
			);
		};
/* End PBXProject section */

/* Begin PBXResourcesBuildPhase section */
		9EBF8FDF2ABF3995007EF5CD /* Resources */ = {
			isa = PBXResourcesBuildPhase;
			buildActionMask = 2147483647;
			files = (
				9EBF8FE92ABF3996007EF5CD /* Assets.xcassets in Resources */,
				9EBF8FEC2ABF3996007EF5CD /* Main.storyboard in Resources */,
			);
			runOnlyForDeploymentPostprocessing = 0;
		};
/* End PBXResourcesBuildPhase section */

/* Begin PBXSourcesBuildPhase section */
		9EBF8FDD2ABF3995007EF5CD /* Sources */ = {
			isa = PBXSourcesBuildPhase;
			buildActionMask = 2147483647;
			files = (
				9EBF8FE72ABF3995007EF5CD /* ViewController.swift in Sources */,
				9EBF8FE52ABF3995007EF5CD /* AppDelegate.swift in Sources */,
			);
			runOnlyForDeploymentPostprocessing = 0;
		};
/* End PBXSourcesBuildPhase section */

/* Begin PBXVariantGroup section */
		9EBF8FEA2ABF3996007EF5CD /* Main.storyboard */ = {
			isa = PBXVariantGroup;
			children = (
				9EBF8FEB2ABF3996007EF5CD /* Base */,
			);
			name = Main.storyboard;
			sourceTree = "<group>";
		};
/* End PBXVariantGroup section */

/* Begin XCBuildConfiguration section */
		9EBF8FEE2ABF3996007EF5CD /* Debug */ = {
			isa = XCBuildConfiguration;
			buildSettings = {
				ALWAYS_SEARCH_USER_PATHS = NO;
				CLANG_ANALYZER_NONNULL = YES;
				CLANG_ANALYZER_NUMBER_OBJECT_CONVERSION = YES_AGGRESSIVE;
				CLANG_CXX_LANGUAGE_STANDARD = "gnu++20";
				CLANG_ENABLE_MODULES = YES;
				CLANG_ENABLE_OBJC_ARC = YES;
				CLANG_ENABLE_OBJC_WEAK = YES;
				CLANG_WARN_BLOCK_CAPTURE_AUTORELEASING = YES;
				CLANG_WARN_BOOL_CONVERSION = YES;
				CLANG_WARN_COMMA = YES;
				CLANG_WARN_CONSTANT_CONVERSION = YES;
				CLANG_WARN_DEPRECATED_OBJC_IMPLEMENTATIONS = YES;
				CLANG_WARN_DIRECT_OBJC_ISA_USAGE = YES_ERROR;
				CLANG_WARN_DOCUMENTATION_COMMENTS = YES;
				CLANG_WARN_EMPTY_BODY = YES;
				CLANG_WARN_ENUM_CONVERSION = YES;
				CLANG_WARN_INFINITE_RECURSION = YES;
				CLANG_WARN_INT_CONVERSION = YES;
				CLANG_WARN_NON_LITERAL_NULL_CONVERSION = YES;
				CLANG_WARN_OBJC_IMPLICIT_RETAIN_SELF = YES;
				CLANG_WARN_OBJC_LITERAL_CONVERSION = YES;
				CLANG_WARN_OBJC_ROOT_CLASS = YES_ERROR;
				CLANG_WARN_QUOTED_INCLUDE_IN_FRAMEWORK_HEADER = YES;
				CLANG_WARN_RANGE_LOOP_ANALYSIS = YES;
				CLANG_WARN_STRICT_PROTOTYPES = YES;
				CLANG_WARN_SUSPICIOUS_MOVE = YES;
				CLANG_WARN_UNGUARDED_AVAILABILITY = YES_AGGRESSIVE;
				CLANG_WARN_UNREACHABLE_CODE = YES;
				CLANG_WARN__DUPLICATE_METHOD_MATCH = YES;
				COPY_PHASE_STRIP = NO;
				DEBUG_INFORMATION_FORMAT = dwarf;
				ENABLE_STRICT_OBJC_MSGSEND = YES;
				ENABLE_TESTABILITY = YES;
				GCC_C_LANGUAGE_STANDARD = gnu11;
				GCC_DYNAMIC_NO_PIC = NO;
				GCC_NO_COMMON_BLOCKS = YES;
				GCC_OPTIMIZATION_LEVEL = 0;
				GCC_PREPROCESSOR_DEFINITIONS = (
					"DEBUG=1",
					"$(inherited)",
				);
				GCC_WARN_64_TO_32_BIT_CONVERSION = YES;
				GCC_WARN_ABOUT_RETURN_TYPE = YES_ERROR;
				GCC_WARN_UNDECLARED_SELECTOR = YES;
				GCC_WARN_UNINITIALIZED_AUTOS = YES_AGGRESSIVE;
				GCC_WARN_UNUSED_FUNCTION = YES;
				GCC_WARN_UNUSED_VARIABLE = YES;
				MACOSX_DEPLOYMENT_TARGET = 12.6;
				MTL_ENABLE_DEBUG_INFO = INCLUDE_SOURCE;
				MTL_FAST_MATH = YES;
				ONLY_ACTIVE_ARCH = YES;
				SDKROOT = macosx;
				SWIFT_ACTIVE_COMPILATION_CONDITIONS = DEBUG;
				SWIFT_OPTIMIZATION_LEVEL = "-Onone";
			};
			name = Debug;
		};
		9EBF8FEF2ABF3996007EF5CD /* Release */ = {
			isa = XCBuildConfiguration;
			buildSettings = {
				ALWAYS_SEARCH_USER_PATHS = NO;
				CLANG_ANALYZER_NONNULL = YES;
				CLANG_ANALYZER_NUMBER_OBJECT_CONVERSION = YES_AGGRESSIVE;
				CLANG_CXX_LANGUAGE_STANDARD = "gnu++20";
				CLANG_ENABLE_MODULES = YES;
				CLANG_ENABLE_OBJC_ARC = YES;
				CLANG_ENABLE_OBJC_WEAK = YES;
				CLANG_WARN_BLOCK_CAPTURE_AUTORELEASING = YES;
				CLANG_WARN_BOOL_CONVERSION = YES;
				CLANG_WARN_COMMA = YES;
				CLANG_WARN_CONSTANT_CONVERSION = YES;
				CLANG_WARN_DEPRECATED_OBJC_IMPLEMENTATIONS = YES;
				CLANG_WARN_DIRECT_OBJC_ISA_USAGE = YES_ERROR;
				CLANG_WARN_DOCUMENTATION_COMMENTS = YES;
				CLANG_WARN_EMPTY_BODY = YES;
				CLANG_WARN_ENUM_CONVERSION = YES;
				CLANG_WARN_INFINITE_RECURSION = YES;
				CLANG_WARN_INT_CONVERSION = YES;
				CLANG_WARN_NON_LITERAL_NULL_CONVERSION = YES;
				CLANG_WARN_OBJC_IMPLICIT_RETAIN_SELF = YES;
				CLANG_WARN_OBJC_LITERAL_CONVERSION = YES;
				CLANG_WARN_OBJC_ROOT_CLASS = YES_ERROR;
				CLANG_WARN_QUOTED_INCLUDE_IN_FRAMEWORK_HEADER = YES;
				CLANG_WARN_RANGE_LOOP_ANALYSIS = YES;
				CLANG_WARN_STRICT_PROTOTYPES = YES;
				CLANG_WARN_SUSPICIOUS_MOVE = YES;
				CLANG_WARN_UNGUARDED_AVAILABILITY = YES_AGGRESSIVE;
				CLANG_WARN_UNREACHABLE_CODE = YES;
				CLANG_WARN__DUPLICATE_METHOD_MATCH = YES;
				COPY_PHASE_STRIP = NO;
				DEBUG_INFORMATION_FORMAT = "dwarf-with-dsym";
				ENABLE_NS_ASSERTIONS = NO;
				ENABLE_STRICT_OBJC_MSGSEND = YES;
				GCC_C_LANGUAGE_STANDARD = gnu11;
				GCC_NO_COMMON_BLOCKS = YES;
				GCC_WARN_64_TO_32_BIT_CONVERSION = YES;
				GCC_WARN_ABOUT_RETURN_TYPE = YES_ERROR;
				GCC_WARN_UNDECLARED_SELECTOR = YES;
				GCC_WARN_UNINITIALIZED_AUTOS = YES_AGGRESSIVE;
				GCC_WARN_UNUSED_FUNCTION = YES;
				GCC_WARN_UNUSED_VARIABLE = YES;
				MACOSX_DEPLOYMENT_TARGET = 12.6;
				MTL_ENABLE_DEBUG_INFO = NO;
				MTL_FAST_MATH = YES;
				SDKROOT = macosx;
				SWIFT_COMPILATION_MODE = wholemodule;
				SWIFT_OPTIMIZATION_LEVEL = "-O";
			};
			name = Release;
		};
		9EBF8FF12ABF3996007EF5CD /* Debug */ = {
			isa = XCBuildConfiguration;
			buildSettings = {
				ASSETCATALOG_COMPILER_APPICON_NAME = AppIcon;
				ASSETCATALOG_COMPILER_GLOBAL_ACCENT_COLOR_NAME = AccentColor;
				CODE_SIGN_ENTITLEMENTS = BMuSocketIMServerSwift/BMuSocketIMServerSwift.entitlements;
				CODE_SIGN_STYLE = Automatic;
				COMBINE_HIDPI_IMAGES = YES;
				CURRENT_PROJECT_VERSION = 1;
				DEVELOPMENT_TEAM = 3D9K6K9886;
				ENABLE_HARDENED_RUNTIME = YES;
				GENERATE_INFOPLIST_FILE = YES;
				INFOPLIST_KEY_NSHumanReadableCopyright = "";
				INFOPLIST_KEY_NSMainStoryboardFile = Main;
				INFOPLIST_KEY_NSPrincipalClass = NSApplication;
				LD_RUNPATH_SEARCH_PATHS = (
					"$(inherited)",
					"@executable_path/../Frameworks",
				);
				MARKETING_VERSION = 1.0;
				PRODUCT_BUNDLE_IDENTIFIER = com.bmu.test.BMuSocketIMServerSwift;
				PRODUCT_NAME = "$(TARGET_NAME)";
				SWIFT_EMIT_LOC_STRINGS = YES;
				SWIFT_VERSION = 5.0;
			};
			name = Debug;
		};
		9EBF8FF22ABF3996007EF5CD /* Release */ = {
			isa = XCBuildConfiguration;
			buildSettings = {
				ASSETCATALOG_COMPILER_APPICON_NAME = AppIcon;
				ASSETCATALOG_COMPILER_GLOBAL_ACCENT_COLOR_NAME = AccentColor;
				CODE_SIGN_ENTITLEMENTS = BMuSocketIMServerSwift/BMuSocketIMServerSwift.entitlements;
				CODE_SIGN_STYLE = Automatic;
				COMBINE_HIDPI_IMAGES = YES;
				CURRENT_PROJECT_VERSION = 1;
				DEVELOPMENT_TEAM = 3D9K6K9886;
				ENABLE_HARDENED_RUNTIME = YES;
				GENERATE_INFOPLIST_FILE = YES;
				INFOPLIST_KEY_NSHumanReadableCopyright = "";
				INFOPLIST_KEY_NSMainStoryboardFile = Main;
				INFOPLIST_KEY_NSPrincipalClass = NSApplication;
				LD_RUNPATH_SEARCH_PATHS = (
					"$(inherited)",
					"@executable_path/../Frameworks",
				);
				MARKETING_VERSION = 1.0;
				PRODUCT_BUNDLE_IDENTIFIER = com.bmu.test.BMuSocketIMServerSwift;
				PRODUCT_NAME = "$(TARGET_NAME)";
				SWIFT_EMIT_LOC_STRINGS = YES;
				SWIFT_VERSION = 5.0;
			};
			name = Release;
		};
/* End XCBuildConfiguration section */

/* Begin XCConfigurationList section */
		9EBF8FDC2ABF3994007EF5CD /* Build configuration list for PBXProject "BMuSocketIMServerSwift" */ = {
			isa = XCConfigurationList;
			buildConfigurations = (
				9EBF8FEE2ABF3996007EF5CD /* Debug */,
				9EBF8FEF2ABF3996007EF5CD /* Release */,
			);
			defaultConfigurationIsVisible = 0;
			defaultConfigurationName = Release;
		};
		9EBF8FF02ABF3996007EF5CD /* Build configuration list for PBXNativeTarget "BMuSocketIMServerSwift" */ = {
			isa = XCConfigurationList;
			buildConfigurations = (
				9EBF8FF12ABF3996007EF5CD /* Debug */,
				9EBF8FF22ABF3996007EF5CD /* Release */,
			);
			defaultConfigurationIsVisible = 0;
			defaultConfigurationName = Release;
		};
/* End XCConfigurationList section */

/* Begin XCRemoteSwiftPackageReference section */
		9EBF8FF32ABF39CC007EF5CD /* XCRemoteSwiftPackageReference "CocoaAsyncSocket" */ = {
			isa = XCRemoteSwiftPackageReference;
			repositoryURL = "https://github.com/robbiehanson/CocoaAsyncSocket.git";
			requirement = {
				kind = upToNextMajorVersion;
				minimumVersion = 7.0.0;
			};
		};
/* End XCRemoteSwiftPackageReference section */

/* Begin XCSwiftPackageProductDependency section */
		9EBF8FF42ABF39CC007EF5CD /* CocoaAsyncSocket */ = {
			isa = XCSwiftPackageProductDependency;
			package = 9EBF8FF32ABF39CC007EF5CD /* XCRemoteSwiftPackageReference "CocoaAsyncSocket" */;
			productName = CocoaAsyncSocket;
		};
/* End XCSwiftPackageProductDependency section */
	};
	rootObject = 9EBF8FD92ABF3994007EF5CD /* Project object */;
}
