// !$*UTF8*$!
{
	archiveVersion = 1;
	classes = {
	};
	objectVersion = 56;
	objects = {

/* Begin PBXBuildFile section */
		92D98DB5495A081E754E2E5C /* Pods_BMuWebSocketIM.framework in Frameworks */ = {isa = PBXBuildFile; fileRef = 8AAFF5F94E047AA7FBBD2CC1 /* Pods_BMuWebSocketIM.framework */; };
		9E438E9B2AC06CB8009F04D1 /* AppDelegate.m in Sources */ = {isa = PBXBuildFile; fileRef = 9E438E9A2AC06CB8009F04D1 /* AppDelegate.m */; };
		9E438E9E2AC06CB8009F04D1 /* SceneDelegate.m in Sources */ = {isa = PBXBuildFile; fileRef = 9E438E9D2AC06CB8009F04D1 /* SceneDelegate.m */; };
		9E438EA12AC06CB8009F04D1 /* ViewController.m in Sources */ = {isa = PBXBuildFile; fileRef = 9E438EA02AC06CB8009F04D1 /* ViewController.m */; };
		9E438EA42AC06CB8009F04D1 /* Main.storyboard in Resources */ = {isa = PBXBuildFile; fileRef = 9E438EA22AC06CB8009F04D1 /* Main.storyboard */; };
		9E438EA62AC06CBD009F04D1 /* Assets.xcassets in Resources */ = {isa = PBXBuildFile; fileRef = 9E438EA52AC06CBD009F04D1 /* Assets.xcassets */; };
		9E438EA92AC06CBD009F04D1 /* LaunchScreen.storyboard in Resources */ = {isa = PBXBuildFile; fileRef = 9E438EA72AC06CBD009F04D1 /* LaunchScreen.storyboard */; };
		9E438EAC2AC06CBD009F04D1 /* main.m in Sources */ = {isa = PBXBuildFile; fileRef = 9E438EAB2AC06CBD009F04D1 /* main.m */; };
/* End PBXBuildFile section */

/* Begin PBXCopyFilesBuildPhase section */
		9E438EBA2AC07A54009F04D1 /* Embed Frameworks */ = {
			isa = PBXCopyFilesBuildPhase;
			buildActionMask = 2147483647;
			dstPath = "";
			dstSubfolderSpec = 10;
			files = (
			);
			name = "Embed Frameworks";
			runOnlyForDeploymentPostprocessing = 0;
		};
/* End PBXCopyFilesBuildPhase section */

/* Begin PBXFileReference section */
		8AAFF5F94E047AA7FBBD2CC1 /* Pods_BMuWebSocketIM.framework */ = {isa = PBXFileReference; explicitFileType = wrapper.framework; includeInIndex = 0; path = Pods_BMuWebSocketIM.framework; sourceTree = BUILT_PRODUCTS_DIR; };
		9E438E962AC06CB8009F04D1 /* BMuWebSocketIM.app */ = {isa = PBXFileReference; explicitFileType = wrapper.application; includeInIndex = 0; path = BMuWebSocketIM.app; sourceTree = BUILT_PRODUCTS_DIR; };
		9E438E992AC06CB8009F04D1 /* AppDelegate.h */ = {isa = PBXFileReference; lastKnownFileType = sourcecode.c.h; path = AppDelegate.h; sourceTree = "<group>"; };
		9E438E9A2AC06CB8009F04D1 /* AppDelegate.m */ = {isa = PBXFileReference; lastKnownFileType = sourcecode.c.objc; path = AppDelegate.m; sourceTree = "<group>"; };
		9E438E9C2AC06CB8009F04D1 /* SceneDelegate.h */ = {isa = PBXFileReference; lastKnownFileType = sourcecode.c.h; path = SceneDelegate.h; sourceTree = "<group>"; };
		9E438E9D2AC06CB8009F04D1 /* SceneDelegate.m */ = {isa = PBXFileReference; lastKnownFileType = sourcecode.c.objc; path = SceneDelegate.m; sourceTree = "<group>"; };
		9E438E9F2AC06CB8009F04D1 /* ViewController.h */ = {isa = PBXFileReference; lastKnownFileType = sourcecode.c.h; path = ViewController.h; sourceTree = "<group>"; };
		9E438EA02AC06CB8009F04D1 /* ViewController.m */ = {isa = PBXFileReference; lastKnownFileType = sourcecode.c.objc; path = ViewController.m; sourceTree = "<group>"; };
		9E438EA32AC06CB8009F04D1 /* Base */ = {isa = PBXFileReference; lastKnownFileType = file.storyboard; name = Base; path = Base.lproj/Main.storyboard; sourceTree = "<group>"; };
		9E438EA52AC06CBD009F04D1 /* Assets.xcassets */ = {isa = PBXFileReference; lastKnownFileType = folder.assetcatalog; path = Assets.xcassets; sourceTree = "<group>"; };
		9E438EA82AC06CBD009F04D1 /* Base */ = {isa = PBXFileReference; lastKnownFileType = file.storyboard; name = Base; path = Base.lproj/LaunchScreen.storyboard; sourceTree = "<group>"; };
		9E438EAA2AC06CBD009F04D1 /* Info.plist */ = {isa = PBXFileReference; lastKnownFileType = text.plist.xml; path = Info.plist; sourceTree = "<group>"; };
		9E438EAB2AC06CBD009F04D1 /* main.m */ = {isa = PBXFileReference; lastKnownFileType = sourcecode.c.objc; path = main.m; sourceTree = "<group>"; };
		BAB6DD86F617169B75A7BEDC /* Pods-BMuWebSocketIM.debug.xcconfig */ = {isa = PBXFileReference; includeInIndex = 1; lastKnownFileType = text.xcconfig; name = "Pods-BMuWebSocketIM.debug.xcconfig"; path = "Pods/Target Support Files/Pods-BMuWebSocketIM/Pods-BMuWebSocketIM.debug.xcconfig"; sourceTree = "<group>"; };
		E3FD8B6B6F67FA6F8F4BB43B /* Pods-BMuWebSocketIM.release.xcconfig */ = {isa = PBXFileReference; includeInIndex = 1; lastKnownFileType = text.xcconfig; name = "Pods-BMuWebSocketIM.release.xcconfig"; path = "Pods/Target Support Files/Pods-BMuWebSocketIM/Pods-BMuWebSocketIM.release.xcconfig"; sourceTree = "<group>"; };
/* End PBXFileReference section */

/* Begin PBXFrameworksBuildPhase section */
		9E438E932AC06CB8009F04D1 /* Frameworks */ = {
			isa = PBXFrameworksBuildPhase;
			buildActionMask = 2147483647;
			files = (
				92D98DB5495A081E754E2E5C /* Pods_BMuWebSocketIM.framework in Frameworks */,
			);
			runOnlyForDeploymentPostprocessing = 0;
		};
/* End PBXFrameworksBuildPhase section */

/* Begin PBXGroup section */
		3D3B690849DCD5388FB66F4E /* Pods */ = {
			isa = PBXGroup;
			children = (
				BAB6DD86F617169B75A7BEDC /* Pods-BMuWebSocketIM.debug.xcconfig */,
				E3FD8B6B6F67FA6F8F4BB43B /* Pods-BMuWebSocketIM.release.xcconfig */,
			);
			name = Pods;
			sourceTree = "<group>";
		};
		9E438E8D2AC06CB8009F04D1 = {
			isa = PBXGroup;
			children = (
				9E438E982AC06CB8009F04D1 /* BMuWebSocketIM */,
				9E438E972AC06CB8009F04D1 /* Products */,
				9E438EB22AC078CA009F04D1 /* Frameworks */,
				3D3B690849DCD5388FB66F4E /* Pods */,
			);
			sourceTree = "<group>";
		};
		9E438E972AC06CB8009F04D1 /* Products */ = {
			isa = PBXGroup;
			children = (
				9E438E962AC06CB8009F04D1 /* BMuWebSocketIM.app */,
			);
			name = Products;
			sourceTree = "<group>";
		};
		9E438E982AC06CB8009F04D1 /* BMuWebSocketIM */ = {
			isa = PBXGroup;
			children = (
				9E438E992AC06CB8009F04D1 /* AppDelegate.h */,
				9E438E9A2AC06CB8009F04D1 /* AppDelegate.m */,
				9E438E9C2AC06CB8009F04D1 /* SceneDelegate.h */,
				9E438E9D2AC06CB8009F04D1 /* SceneDelegate.m */,
				9E438E9F2AC06CB8009F04D1 /* ViewController.h */,
				9E438EA02AC06CB8009F04D1 /* ViewController.m */,
				9E438EA22AC06CB8009F04D1 /* Main.storyboard */,
				9E438EA52AC06CBD009F04D1 /* Assets.xcassets */,
				9E438EA72AC06CBD009F04D1 /* LaunchScreen.storyboard */,
				9E438EAA2AC06CBD009F04D1 /* Info.plist */,
				9E438EAB2AC06CBD009F04D1 /* main.m */,
			);
			path = BMuWebSocketIM;
			sourceTree = "<group>";
		};
		9E438EB22AC078CA009F04D1 /* Frameworks */ = {
			isa = PBXGroup;
			children = (
				8AAFF5F94E047AA7FBBD2CC1 /* Pods_BMuWebSocketIM.framework */,
			);
			name = Frameworks;
			sourceTree = "<group>";
		};
/* End PBXGroup section */

/* Begin PBXNativeTarget section */
		9E438E952AC06CB8009F04D1 /* BMuWebSocketIM */ = {
			isa = PBXNativeTarget;
			buildConfigurationList = 9E438EAF2AC06CBD009F04D1 /* Build configuration list for PBXNativeTarget "BMuWebSocketIM" */;
			buildPhases = (
				62B21D7E149ED326124F6BC1 /* [CP] Check Pods Manifest.lock */,
				9E438E922AC06CB8009F04D1 /* Sources */,
				9E438E932AC06CB8009F04D1 /* Frameworks */,
				9E438E942AC06CB8009F04D1 /* Resources */,
				9E438EB72AC078F2009F04D1 /* ShellScript */,
				9E438EBA2AC07A54009F04D1 /* Embed Frameworks */,
				FEB84831B93D84F0E49601C8 /* [CP] Embed Pods Frameworks */,
			);
			buildRules = (
			);
			dependencies = (
			);
			name = BMuWebSocketIM;
			productName = BMuWebSocketIM;
			productReference = 9E438E962AC06CB8009F04D1 /* BMuWebSocketIM.app */;
			productType = "com.apple.product-type.application";
		};
/* End PBXNativeTarget section */

/* Begin PBXProject section */
		9E438E8E2AC06CB8009F04D1 /* Project object */ = {
			isa = PBXProject;
			attributes = {
				BuildIndependentTargetsInParallel = 1;
				LastUpgradeCheck = 1420;
				TargetAttributes = {
					9E438E952AC06CB8009F04D1 = {
						CreatedOnToolsVersion = 14.2;
					};
				};
			};
			buildConfigurationList = 9E438E912AC06CB8009F04D1 /* Build configuration list for PBXProject "BMuWebSocketIM" */;
			compatibilityVersion = "Xcode 14.0";
			developmentRegion = en;
			hasScannedForEncodings = 0;
			knownRegions = (
				en,
				Base,
			);
			mainGroup = 9E438E8D2AC06CB8009F04D1;
			productRefGroup = 9E438E972AC06CB8009F04D1 /* Products */;
			projectDirPath = "";
			projectRoot = "";
			targets = (
				9E438E952AC06CB8009F04D1 /* BMuWebSocketIM */,
			);
		};
/* End PBXProject section */

/* Begin PBXResourcesBuildPhase section */
		9E438E942AC06CB8009F04D1 /* Resources */ = {
			isa = PBXResourcesBuildPhase;
			buildActionMask = 2147483647;
			files = (
				9E438EA92AC06CBD009F04D1 /* LaunchScreen.storyboard in Resources */,
				9E438EA62AC06CBD009F04D1 /* Assets.xcassets in Resources */,
				9E438EA42AC06CB8009F04D1 /* Main.storyboard in Resources */,
			);
			runOnlyForDeploymentPostprocessing = 0;
		};
/* End PBXResourcesBuildPhase section */

/* Begin PBXShellScriptBuildPhase section */
		62B21D7E149ED326124F6BC1 /* [CP] Check Pods Manifest.lock */ = {
			isa = PBXShellScriptBuildPhase;
			buildActionMask = 2147483647;
			files = (
			);
			inputFileListPaths = (
			);
			inputPaths = (
				"${PODS_PODFILE_DIR_PATH}/Podfile.lock",
				"${PODS_ROOT}/Manifest.lock",
			);
			name = "[CP] Check Pods Manifest.lock";
			outputFileListPaths = (
			);
			outputPaths = (
				"$(DERIVED_FILE_DIR)/Pods-BMuWebSocketIM-checkManifestLockResult.txt",
			);
			runOnlyForDeploymentPostprocessing = 0;
			shellPath = /bin/sh;
			shellScript = "diff \"${PODS_PODFILE_DIR_PATH}/Podfile.lock\" \"${PODS_ROOT}/Manifest.lock\" > /dev/null\nif [ $? != 0 ] ; then\n    # print error to STDERR\n    echo \"error: The sandbox is not in sync with the Podfile.lock. Run 'pod install' or update your CocoaPods installation.\" >&2\n    exit 1\nfi\n# This output is used by Xcode 'outputs' to avoid re-running this script phase.\necho \"SUCCESS\" > \"${SCRIPT_OUTPUT_FILE_0}\"\n";
			showEnvVarsInLog = 0;
		};
		9E438EB72AC078F2009F04D1 /* ShellScript */ = {
			isa = PBXShellScriptBuildPhase;
			buildActionMask = 2147483647;
			files = (
			);
			inputFileListPaths = (
			);
			inputPaths = (
			);
			outputFileListPaths = (
			);
			outputPaths = (
			);
			runOnlyForDeploymentPostprocessing = 0;
			shellPath = /bin/sh;
			shellScript = "# Type a script or drag a script file from your workspace to insert its path.\n";
		};
		FEB84831B93D84F0E49601C8 /* [CP] Embed Pods Frameworks */ = {
			isa = PBXShellScriptBuildPhase;
			buildActionMask = 2147483647;
			files = (
			);
			inputFileListPaths = (
			);
			inputPaths = (
				"${SRCROOT}/Pods/Target Support Files/Pods-BMuWebSocketIM/Pods-BMuWebSocketIM-frameworks.sh",
				"${BUILT_PRODUCTS_DIR}/SocketRocket/SocketRocket.framework",
			);
			name = "[CP] Embed Pods Frameworks";
			outputFileListPaths = (
			);
			outputPaths = (
				"${TARGET_BUILD_DIR}/${FRAMEWORKS_FOLDER_PATH}/SocketRocket.framework",
			);
			runOnlyForDeploymentPostprocessing = 0;
			shellPath = /bin/sh;
			shellScript = "\"${SRCROOT}/Pods/Target Support Files/Pods-BMuWebSocketIM/Pods-BMuWebSocketIM-frameworks.sh\"\n";
			showEnvVarsInLog = 0;
		};
/* End PBXShellScriptBuildPhase section */

/* Begin PBXSourcesBuildPhase section */
		9E438E922AC06CB8009F04D1 /* Sources */ = {
			isa = PBXSourcesBuildPhase;
			buildActionMask = 2147483647;
			files = (
				9E438EA12AC06CB8009F04D1 /* ViewController.m in Sources */,
				9E438E9B2AC06CB8009F04D1 /* AppDelegate.m in Sources */,
				9E438EAC2AC06CBD009F04D1 /* main.m in Sources */,
				9E438E9E2AC06CB8009F04D1 /* SceneDelegate.m in Sources */,
			);
			runOnlyForDeploymentPostprocessing = 0;
		};
/* End PBXSourcesBuildPhase section */

/* Begin PBXVariantGroup section */
		9E438EA22AC06CB8009F04D1 /* Main.storyboard */ = {
			isa = PBXVariantGroup;
			children = (
				9E438EA32AC06CB8009F04D1 /* Base */,
			);
			name = Main.storyboard;
			sourceTree = "<group>";
		};
		9E438EA72AC06CBD009F04D1 /* LaunchScreen.storyboard */ = {
			isa = PBXVariantGroup;
			children = (
				9E438EA82AC06CBD009F04D1 /* Base */,
			);
			name = LaunchScreen.storyboard;
			sourceTree = "<group>";
		};
/* End PBXVariantGroup section */

/* Begin XCBuildConfiguration section */
		9E438EAD2AC06CBD009F04D1 /* Debug */ = {
			isa = XCBuildConfiguration;
			buildSettings = {
				ALWAYS_SEARCH_USER_PATHS = NO;
				CLANG_ANALYZER_NONNULL = YES;
				CLANG_ANALYZER_NUMBER_OBJECT_CONVERSION = YES_AGGRESSIVE;
				CLANG_CXX_LANGUAGE_STANDARD = "gnu++20";
				CLANG_ENABLE_MODULES = YES;
				CLANG_ENABLE_OBJC_ARC = YES;
				CLANG_ENABLE_OBJC_WEAK = YES;
				CLANG_WARN_BLOCK_CAPTURE_AUTORELEASING = YES;
				CLANG_WARN_BOOL_CONVERSION = YES;
				CLANG_WARN_COMMA = YES;
				CLANG_WARN_CONSTANT_CONVERSION = YES;
				CLANG_WARN_DEPRECATED_OBJC_IMPLEMENTATIONS = YES;
				CLANG_WARN_DIRECT_OBJC_ISA_USAGE = YES_ERROR;
				CLANG_WARN_DOCUMENTATION_COMMENTS = YES;
				CLANG_WARN_EMPTY_BODY = YES;
				CLANG_WARN_ENUM_CONVERSION = YES;
				CLANG_WARN_INFINITE_RECURSION = YES;
				CLANG_WARN_INT_CONVERSION = YES;
				CLANG_WARN_NON_LITERAL_NULL_CONVERSION = YES;
				CLANG_WARN_OBJC_IMPLICIT_RETAIN_SELF = YES;
				CLANG_WARN_OBJC_LITERAL_CONVERSION = YES;
				CLANG_WARN_OBJC_ROOT_CLASS = YES_ERROR;
				CLANG_WARN_QUOTED_INCLUDE_IN_FRAMEWORK_HEADER = YES;
				CLANG_WARN_RANGE_LOOP_ANALYSIS = YES;
				CLANG_WARN_STRICT_PROTOTYPES = YES;
				CLANG_WARN_SUSPICIOUS_MOVE = YES;
				CLANG_WARN_UNGUARDED_AVAILABILITY = YES_AGGRESSIVE;
				CLANG_WARN_UNREACHABLE_CODE = YES;
				CLANG_WARN__DUPLICATE_METHOD_MATCH = YES;
				COPY_PHASE_STRIP = NO;
				DEBUG_INFORMATION_FORMAT = dwarf;
				ENABLE_STRICT_OBJC_MSGSEND = YES;
				ENABLE_TESTABILITY = YES;
				GCC_C_LANGUAGE_STANDARD = gnu11;
				GCC_DYNAMIC_NO_PIC = NO;
				GCC_NO_COMMON_BLOCKS = YES;
				GCC_OPTIMIZATION_LEVEL = 0;
				GCC_PREPROCESSOR_DEFINITIONS = (
					"DEBUG=1",
					"$(inherited)",
				);
				GCC_WARN_64_TO_32_BIT_CONVERSION = YES;
				GCC_WARN_ABOUT_RETURN_TYPE = YES_ERROR;
				GCC_WARN_UNDECLARED_SELECTOR = YES;
				GCC_WARN_UNINITIALIZED_AUTOS = YES_AGGRESSIVE;
				GCC_WARN_UNUSED_FUNCTION = YES;
				GCC_WARN_UNUSED_VARIABLE = YES;
				IPHONEOS_DEPLOYMENT_TARGET = 16.2;
				MTL_ENABLE_DEBUG_INFO = INCLUDE_SOURCE;
				MTL_FAST_MATH = YES;
				ONLY_ACTIVE_ARCH = NO;
				SDKROOT = iphoneos;
			};
			name = Debug;
		};
		9E438EAE2AC06CBD009F04D1 /* Release */ = {
			isa = XCBuildConfiguration;
			buildSettings = {
				ALWAYS_SEARCH_USER_PATHS = NO;
				CLANG_ANALYZER_NONNULL = YES;
				CLANG_ANALYZER_NUMBER_OBJECT_CONVERSION = YES_AGGRESSIVE;
				CLANG_CXX_LANGUAGE_STANDARD = "gnu++20";
				CLANG_ENABLE_MODULES = YES;
				CLANG_ENABLE_OBJC_ARC = YES;
				CLANG_ENABLE_OBJC_WEAK = YES;
				CLANG_WARN_BLOCK_CAPTURE_AUTORELEASING = YES;
				CLANG_WARN_BOOL_CONVERSION = YES;
				CLANG_WARN_COMMA = YES;
				CLANG_WARN_CONSTANT_CONVERSION = YES;
				CLANG_WARN_DEPRECATED_OBJC_IMPLEMENTATIONS = YES;
				CLANG_WARN_DIRECT_OBJC_ISA_USAGE = YES_ERROR;
				CLANG_WARN_DOCUMENTATION_COMMENTS = YES;
				CLANG_WARN_EMPTY_BODY = YES;
				CLANG_WARN_ENUM_CONVERSION = YES;
				CLANG_WARN_INFINITE_RECURSION = YES;
				CLANG_WARN_INT_CONVERSION = YES;
				CLANG_WARN_NON_LITERAL_NULL_CONVERSION = YES;
				CLANG_WARN_OBJC_IMPLICIT_RETAIN_SELF = YES;
				CLANG_WARN_OBJC_LITERAL_CONVERSION = YES;
				CLANG_WARN_OBJC_ROOT_CLASS = YES_ERROR;
				CLANG_WARN_QUOTED_INCLUDE_IN_FRAMEWORK_HEADER = YES;
				CLANG_WARN_RANGE_LOOP_ANALYSIS = YES;
				CLANG_WARN_STRICT_PROTOTYPES = YES;
				CLANG_WARN_SUSPICIOUS_MOVE = YES;
				CLANG_WARN_UNGUARDED_AVAILABILITY = YES_AGGRESSIVE;
				CLANG_WARN_UNREACHABLE_CODE = YES;
				CLANG_WARN__DUPLICATE_METHOD_MATCH = YES;
				COPY_PHASE_STRIP = NO;
				DEBUG_INFORMATION_FORMAT = "dwarf-with-dsym";
				ENABLE_NS_ASSERTIONS = NO;
				ENABLE_STRICT_OBJC_MSGSEND = YES;
				GCC_C_LANGUAGE_STANDARD = gnu11;
				GCC_NO_COMMON_BLOCKS = YES;
				GCC_WARN_64_TO_32_BIT_CONVERSION = YES;
				GCC_WARN_ABOUT_RETURN_TYPE = YES_ERROR;
				GCC_WARN_UNDECLARED_SELECTOR = YES;
				GCC_WARN_UNINITIALIZED_AUTOS = YES_AGGRESSIVE;
				GCC_WARN_UNUSED_FUNCTION = YES;
				GCC_WARN_UNUSED_VARIABLE = YES;
				IPHONEOS_DEPLOYMENT_TARGET = 16.2;
				MTL_ENABLE_DEBUG_INFO = NO;
				MTL_FAST_MATH = YES;
				ONLY_ACTIVE_ARCH = NO;
				SDKROOT = iphoneos;
				VALIDATE_PRODUCT = YES;
			};
			name = Release;
		};
		9E438EB02AC06CBD009F04D1 /* Debug */ = {
			isa = XCBuildConfiguration;
			baseConfigurationReference = BAB6DD86F617169B75A7BEDC /* Pods-BMuWebSocketIM.debug.xcconfig */;
			buildSettings = {
				ASSETCATALOG_COMPILER_APPICON_NAME = AppIcon;
				ASSETCATALOG_COMPILER_GLOBAL_ACCENT_COLOR_NAME = AccentColor;
				CODE_SIGN_STYLE = Automatic;
				CURRENT_PROJECT_VERSION = 1;
				DEVELOPMENT_TEAM = 3D9K6K9886;
				FRAMEWORK_SEARCH_PATHS = (
					"$(inherited)",
					"$(PROJECT_DIR)/Carthage/Build/iOS",
				);
				GENERATE_INFOPLIST_FILE = YES;
				INFOPLIST_FILE = BMuWebSocketIM/Info.plist;
				INFOPLIST_KEY_UIApplicationSupportsIndirectInputEvents = YES;
				INFOPLIST_KEY_UILaunchStoryboardName = LaunchScreen;
				INFOPLIST_KEY_UIMainStoryboardFile = Main;
				INFOPLIST_KEY_UISupportedInterfaceOrientations_iPad = "UIInterfaceOrientationPortrait UIInterfaceOrientationPortraitUpsideDown UIInterfaceOrientationLandscapeLeft UIInterfaceOrientationLandscapeRight";
				INFOPLIST_KEY_UISupportedInterfaceOrientations_iPhone = "UIInterfaceOrientationPortrait UIInterfaceOrientationLandscapeLeft UIInterfaceOrientationLandscapeRight";
				LD_RUNPATH_SEARCH_PATHS = (
					"$(inherited)",
					"@executable_path/Frameworks",
				);
				MARKETING_VERSION = 1.0;
				ONLY_ACTIVE_ARCH = YES;
				PRODUCT_BUNDLE_IDENTIFIER = com.bmu.test.BMuWebSocketIM;
				PRODUCT_NAME = "$(TARGET_NAME)";
				SWIFT_EMIT_LOC_STRINGS = YES;
				TARGETED_DEVICE_FAMILY = "1,2";
			};
			name = Debug;
		};
		9E438EB12AC06CBD009F04D1 /* Release */ = {
			isa = XCBuildConfiguration;
			baseConfigurationReference = E3FD8B6B6F67FA6F8F4BB43B /* Pods-BMuWebSocketIM.release.xcconfig */;
			buildSettings = {
				ASSETCATALOG_COMPILER_APPICON_NAME = AppIcon;
				ASSETCATALOG_COMPILER_GLOBAL_ACCENT_COLOR_NAME = AccentColor;
				CODE_SIGN_STYLE = Automatic;
				CURRENT_PROJECT_VERSION = 1;
				DEVELOPMENT_TEAM = 3D9K6K9886;
				FRAMEWORK_SEARCH_PATHS = (
					"$(inherited)",
					"$(PROJECT_DIR)/Carthage/Build/iOS",
				);
				GENERATE_INFOPLIST_FILE = YES;
				INFOPLIST_FILE = BMuWebSocketIM/Info.plist;
				INFOPLIST_KEY_UIApplicationSupportsIndirectInputEvents = YES;
				INFOPLIST_KEY_UILaunchStoryboardName = LaunchScreen;
				INFOPLIST_KEY_UIMainStoryboardFile = Main;
				INFOPLIST_KEY_UISupportedInterfaceOrientations_iPad = "UIInterfaceOrientationPortrait UIInterfaceOrientationPortraitUpsideDown UIInterfaceOrientationLandscapeLeft UIInterfaceOrientationLandscapeRight";
				INFOPLIST_KEY_UISupportedInterfaceOrientations_iPhone = "UIInterfaceOrientationPortrait UIInterfaceOrientationLandscapeLeft UIInterfaceOrientationLandscapeRight";
				LD_RUNPATH_SEARCH_PATHS = (
					"$(inherited)",
					"@executable_path/Frameworks",
				);
				MARKETING_VERSION = 1.0;
				PRODUCT_BUNDLE_IDENTIFIER = com.bmu.test.BMuWebSocketIM;
				PRODUCT_NAME = "$(TARGET_NAME)";
				SWIFT_EMIT_LOC_STRINGS = YES;
				TARGETED_DEVICE_FAMILY = "1,2";
			};
			name = Release;
		};
/* End XCBuildConfiguration section */

/* Begin XCConfigurationList section */
		9E438E912AC06CB8009F04D1 /* Build configuration list for PBXProject "BMuWebSocketIM" */ = {
			isa = XCConfigurationList;
			buildConfigurations = (
				9E438EAD2AC06CBD009F04D1 /* Debug */,
				9E438EAE2AC06CBD009F04D1 /* Release */,
			);
			defaultConfigurationIsVisible = 0;
			defaultConfigurationName = Release;
		};
		9E438EAF2AC06CBD009F04D1 /* Build configuration list for PBXNativeTarget "BMuWebSocketIM" */ = {
			isa = XCConfigurationList;
			buildConfigurations = (
				9E438EB02AC06CBD009F04D1 /* Debug */,
				9E438EB12AC06CBD009F04D1 /* Release */,
			);
			defaultConfigurationIsVisible = 0;
			defaultConfigurationName = Release;
		};
/* End XCConfigurationList section */
	};
	rootObject = 9E438E8E2AC06CB8009F04D1 /* Project object */;
}
